// !$*UTF8*$!
{
	archiveVersion = 1;
	classes = {
	};
	objectVersion = 46;
	objects = {

/* Begin PBXBuildFile section */
		3F7E65531C4FF62500ADE813 /* AppDelegate.swift in Sources */ = {isa = PBXBuildFile; fileRef = 3F7E65521C4FF62500ADE813 /* AppDelegate.swift */; };
		3F7E65551C4FF62500ADE813 /* ViewController.swift in Sources */ = {isa = PBXBuildFile; fileRef = 3F7E65541C4FF62500ADE813 /* ViewController.swift */; };
		3F7E65581C4FF62500ADE813 /* Main.storyboard in Resources */ = {isa = PBXBuildFile; fileRef = 3F7E65561C4FF62500ADE813 /* Main.storyboard */; };
		3F7E655A1C4FF62500ADE813 /* Assets.xcassets in Resources */ = {isa = PBXBuildFile; fileRef = 3F7E65591C4FF62500ADE813 /* Assets.xcassets */; };
		3F7E655D1C4FF62500ADE813 /* LaunchScreen.storyboard in Resources */ = {isa = PBXBuildFile; fileRef = 3F7E655B1C4FF62500ADE813 /* LaunchScreen.storyboard */; };
		3F7E65681C4FF62500ADE813 /* College_Profile_BuilderTests.swift in Sources */ = {isa = PBXBuildFile; fileRef = 3F7E65671C4FF62500ADE813 /* College_Profile_BuilderTests.swift */; };
		3F7E65731C4FF62500ADE813 /* College_Profile_BuilderUITests.swift in Sources */ = {isa = PBXBuildFile; fileRef = 3F7E65721C4FF62500ADE813 /* College_Profile_BuilderUITests.swift */; };
		3F7E65811C51508900ADE813 /* College.swift in Sources */ = {isa = PBXBuildFile; fileRef = 3F7E65801C51508900ADE813 /* College.swift */; };
/* End PBXBuildFile section */

/* Begin PBXContainerItemProxy section */
		3F7E65641C4FF62500ADE813 /* PBXContainerItemProxy */ = {
			isa = PBXContainerItemProxy;
			containerPortal = 3F7E65471C4FF62500ADE813 /* Project object */;
			proxyType = 1;
			remoteGlobalIDString = 3F7E654E1C4FF62500ADE813;
			remoteInfo = "College Profile Builder";
		};
		3F7E656F1C4FF62500ADE813 /* PBXContainerItemProxy */ = {
			isa = PBXContainerItemProxy;
			containerPortal = 3F7E65471C4FF62500ADE813 /* Project object */;
			proxyType = 1;
			remoteGlobalIDString = 3F7E654E1C4FF62500ADE813;
			remoteInfo = "College Profile Builder";
		};
/* End PBXContainerItemProxy section */

/* Begin PBXFileReference section */
		3F7E654F1C4FF62500ADE813 /* College Profile Builder.app */ = {isa = PBXFileReference; explicitFileType = wrapper.application; includeInIndex = 0; path = "College Profile Builder.app"; sourceTree = BUILT_PRODUCTS_DIR; };
		3F7E65521C4FF62500ADE813 /* AppDelegate.swift */ = {isa = PBXFileReference; lastKnownFileType = sourcecode.swift; path = AppDelegate.swift; sourceTree = "<group>"; };
		3F7E65541C4FF62500ADE813 /* ViewController.swift */ = {isa = PBXFileReference; lastKnownFileType = sourcecode.swift; path = ViewController.swift; sourceTree = "<group>"; };
		3F7E65571C4FF62500ADE813 /* Base */ = {isa = PBXFileReference; lastKnownFileType = file.storyboard; name = Base; path = Base.lproj/Main.storyboard; sourceTree = "<group>"; };
		3F7E65591C4FF62500ADE813 /* Assets.xcassets */ = {isa = PBXFileReference; lastKnownFileType = folder.assetcatalog; path = Assets.xcassets; sourceTree = "<group>"; };
		3F7E655C1C4FF62500ADE813 /* Base */ = {isa = PBXFileReference; lastKnownFileType = file.storyboard; name = Base; path = Base.lproj/LaunchScreen.storyboard; sourceTree = "<group>"; };
		3F7E655E1C4FF62500ADE813 /* Info.plist */ = {isa = PBXFileReference; lastKnownFileType = text.plist.xml; path = Info.plist; sourceTree = "<group>"; };
		3F7E65631C4FF62500ADE813 /* College Profile BuilderTests.xctest */ = {isa = PBXFileReference; explicitFileType = wrapper.cfbundle; includeInIndex = 0; path = "College Profile BuilderTests.xctest"; sourceTree = BUILT_PRODUCTS_DIR; };
		3F7E65671C4FF62500ADE813 /* College_Profile_BuilderTests.swift */ = {isa = PBXFileReference; lastKnownFileType = sourcecode.swift; path = College_Profile_BuilderTests.swift; sourceTree = "<group>"; };
		3F7E65691C4FF62500ADE813 /* Info.plist */ = {isa = PBXFileReference; lastKnownFileType = text.plist.xml; path = Info.plist; sourceTree = "<group>"; };
		3F7E656E1C4FF62500ADE813 /* College Profile BuilderUITests.xctest */ = {isa = PBXFileReference; explicitFileType = wrapper.cfbundle; includeInIndex = 0; path = "College Profile BuilderUITests.xctest"; sourceTree = BUILT_PRODUCTS_DIR; };
		3F7E65721C4FF62500ADE813 /* College_Profile_BuilderUITests.swift */ = {isa = PBXFileReference; lastKnownFileType = sourcecode.swift; path = College_Profile_BuilderUITests.swift; sourceTree = "<group>"; };
		3F7E65741C4FF62500ADE813 /* Info.plist */ = {isa = PBXFileReference; lastKnownFileType = text.plist.xml; path = Info.plist; sourceTree = "<group>"; };
		3F7E65801C51508900ADE813 /* College.swift */ = {isa = PBXFileReference; fileEncoding = 4; lastKnownFileType = sourcecode.swift; path = College.swift; sourceTree = "<group>"; };
/* End PBXFileReference section */

/* Begin PBXFrameworksBuildPhase section */
		3F7E654C1C4FF62500ADE813 /* Frameworks */ = {
			isa = PBXFrameworksBuildPhase;
			buildActionMask = 2147483647;
			files = (
			);
			runOnlyForDeploymentPostprocessing = 0;
		};
		3F7E65601C4FF62500ADE813 /* Frameworks */ = {
			isa = PBXFrameworksBuildPhase;
			buildActionMask = 2147483647;
			files = (
			);
			runOnlyForDeploymentPostprocessing = 0;
		};
		3F7E656B1C4FF62500ADE813 /* Frameworks */ = {
			isa = PBXFrameworksBuildPhase;
			buildActionMask = 2147483647;
			files = (
			);
			runOnlyForDeploymentPostprocessing = 0;
		};
/* End PBXFrameworksBuildPhase section */

/* Begin PBXGroup section */
		3F7E65461C4FF62500ADE813 = {
			isa = PBXGroup;
			children = (
				3F7E65511C4FF62500ADE813 /* College Profile Builder */,
				3F7E65661C4FF62500ADE813 /* College Profile BuilderTests */,
				3F7E65711C4FF62500ADE813 /* College Profile BuilderUITests */,
				3F7E65501C4FF62500ADE813 /* Products */,
			);
			sourceTree = "<group>";
		};
		3F7E65501C4FF62500ADE813 /* Products */ = {
			isa = PBXGroup;
			children = (
				3F7E654F1C4FF62500ADE813 /* College Profile Builder.app */,
				3F7E65631C4FF62500ADE813 /* College Profile BuilderTests.xctest */,
				3F7E656E1C4FF62500ADE813 /* College Profile BuilderUITests.xctest */,
			);
			name = Products;
			sourceTree = "<group>";
		};
		3F7E65511C4FF62500ADE813 /* College Profile Builder */ = {
			isa = PBXGroup;
			children = (
				3F7E65521C4FF62500ADE813 /* AppDelegate.swift */,
				3F7E65541C4FF62500ADE813 /* ViewController.swift */,
				3F7E65561C4FF62500ADE813 /* Main.storyboard */,
				3F7E65801C51508900ADE813 /* College.swift */,
				3F7E65591C4FF62500ADE813 /* Assets.xcassets */,
				3F7E655B1C4FF62500ADE813 /* LaunchScreen.storyboard */,
				3F7E655E1C4FF62500ADE813 /* Info.plist */,
			);
			path = "College Profile Builder";
			sourceTree = "<group>";
		};
		3F7E65661C4FF62500ADE813 /* College Profile BuilderTests */ = {
			isa = PBXGroup;
			children = (
				3F7E65671C4FF62500ADE813 /* College_Profile_BuilderTests.swift */,
				3F7E65691C4FF62500ADE813 /* Info.plist */,
			);
			path = "College Profile BuilderTests";
			sourceTree = "<group>";
		};
		3F7E65711C4FF62500ADE813 /* College Profile BuilderUITests */ = {
			isa = PBXGroup;
			children = (
				3F7E65721C4FF62500ADE813 /* College_Profile_BuilderUITests.swift */,
				3F7E65741C4FF62500ADE813 /* Info.plist */,
			);
			path = "College Profile BuilderUITests";
			sourceTree = "<group>";
		};
/* End PBXGroup section */

/* Begin PBXNativeTarget section */
		3F7E654E1C4FF62500ADE813 /* College Profile Builder */ = {
			isa = PBXNativeTarget;
			buildConfigurationList = 3F7E65771C4FF62500ADE813 /* Build configuration list for PBXNativeTarget "College Profile Builder" */;
			buildPhases = (
				3F7E654B1C4FF62500ADE813 /* Sources */,
				3F7E654C1C4FF62500ADE813 /* Frameworks */,
				3F7E654D1C4FF62500ADE813 /* Resources */,
			);
			buildRules = (
			);
			dependencies = (
			);
			name = "College Profile Builder";
			productName = "College Profile Builder";
			productReference = 3F7E654F1C4FF62500ADE813 /* College Profile Builder.app */;
			productType = "com.apple.product-type.application";
		};
		3F7E65621C4FF62500ADE813 /* College Profile BuilderTests */ = {
			isa = PBXNativeTarget;
			buildConfigurationList = 3F7E657A1C4FF62500ADE813 /* Build configuration list for PBXNativeTarget "College Profile BuilderTests" */;
			buildPhases = (
				3F7E655F1C4FF62500ADE813 /* Sources */,
				3F7E65601C4FF62500ADE813 /* Frameworks */,
				3F7E65611C4FF62500ADE813 /* Resources */,
			);
			buildRules = (
			);
			dependencies = (
				3F7E65651C4FF62500ADE813 /* PBXTargetDependency */,
			);
			name = "College Profile BuilderTests";
			productName = "College Profile BuilderTests";
			productReference = 3F7E65631C4FF62500ADE813 /* College Profile BuilderTests.xctest */;
			productType = "com.apple.product-type.bundle.unit-test";
		};
		3F7E656D1C4FF62500ADE813 /* College Profile BuilderUITests */ = {
			isa = PBXNativeTarget;
			buildConfigurationList = 3F7E657D1C4FF62500ADE813 /* Build configuration list for PBXNativeTarget "College Profile BuilderUITests" */;
			buildPhases = (
				3F7E656A1C4FF62500ADE813 /* Sources */,
				3F7E656B1C4FF62500ADE813 /* Frameworks */,
				3F7E656C1C4FF62500ADE813 /* Resources */,
			);
			buildRules = (
			);
			dependencies = (
				3F7E65701C4FF62500ADE813 /* PBXTargetDependency */,
			);
			name = "College Profile BuilderUITests";
			productName = "College Profile BuilderUITests";
			productReference = 3F7E656E1C4FF62500ADE813 /* College Profile BuilderUITests.xctest */;
			productType = "com.apple.product-type.bundle.ui-testing";
		};
/* End PBXNativeTarget section */

/* Begin PBXProject section */
		3F7E65471C4FF62500ADE813 /* Project object */ = {
			isa = PBXProject;
			attributes = {
				LastSwiftUpdateCheck = 0720;
				LastUpgradeCheck = 0720;
				ORGANIZATIONNAME = kportillo;
				TargetAttributes = {
					3F7E654E1C4FF62500ADE813 = {
						CreatedOnToolsVersion = 7.2;
					};
					3F7E65621C4FF62500ADE813 = {
						CreatedOnToolsVersion = 7.2;
						TestTargetID = 3F7E654E1C4FF62500ADE813;
					};
					3F7E656D1C4FF62500ADE813 = {
						CreatedOnToolsVersion = 7.2;
						TestTargetID = 3F7E654E1C4FF62500ADE813;
					};
				};
			};
			buildConfigurationList = 3F7E654A1C4FF62500ADE813 /* Build configuration list for PBXProject "College Profile Builder" */;
			compatibilityVersion = "Xcode 3.2";
			developmentRegion = English;
			hasScannedForEncodings = 0;
			knownRegions = (
				en,
				Base,
			);
			mainGroup = 3F7E65461C4FF62500ADE813;
			productRefGroup = 3F7E65501C4FF62500ADE813 /* Products */;
			projectDirPath = "";
			projectRoot = "";
			targets = (
				3F7E654E1C4FF62500ADE813 /* College Profile Builder */,
				3F7E65621C4FF62500ADE813 /* College Profile BuilderTests */,
				3F7E656D1C4FF62500ADE813 /* College Profile BuilderUITests */,
			);
		};
/* End PBXProject section */

/* Begin PBXResourcesBuildPhase section */
		3F7E654D1C4FF62500ADE813 /* Resources */ = {
			isa = PBXResourcesBuildPhase;
			buildActionMask = 2147483647;
			files = (
				3F7E655D1C4FF62500ADE813 /* LaunchScreen.storyboard in Resources */,
				3F7E655A1C4FF62500ADE813 /* Assets.xcassets in Resources */,
				3F7E65581C4FF62500ADE813 /* Main.storyboard in Resources */,
			);
			runOnlyForDeploymentPostprocessing = 0;
		};
		3F7E65611C4FF62500ADE813 /* Resources */ = {
			isa = PBXResourcesBuildPhase;
			buildActionMask = 2147483647;
			files = (
			);
			runOnlyForDeploymentPostprocessing = 0;
		};
		3F7E656C1C4FF62500ADE813 /* Resources */ = {
			isa = PBXResourcesBuildPhase;
			buildActionMask = 2147483647;
			files = (
			);
			runOnlyForDeploymentPostprocessing = 0;
		};
/* End PBXResourcesBuildPhase section */

/* Begin PBXSourcesBuildPhase section */
		3F7E654B1C4FF62500ADE813 /* Sources */ = {
			isa = PBXSourcesBuildPhase;
			buildActionMask = 2147483647;
			files = (
				3F7E65551C4FF62500ADE813 /* ViewController.swift in Sources */,
				3F7E65531C4FF62500ADE813 /* AppDelegate.swift in Sources */,
				3F7E65811C51508900ADE813 /* College.swift in Sources */,
			);
			runOnlyForDeploymentPostprocessing = 0;
		};
		3F7E655F1C4FF62500ADE813 /* Sources */ = {
			isa = PBXSourcesBuildPhase;
			buildActionMask = 2147483647;
			files = (
				3F7E65681C4FF62500ADE813 /* College_Profile_BuilderTests.swift in Sources */,
			);
			runOnlyForDeploymentPostprocessing = 0;
		};
		3F7E656A1C4FF62500ADE813 /* Sources */ = {
			isa = PBXSourcesBuildPhase;
			buildActionMask = 2147483647;
			files = (
				3F7E65731C4FF62500ADE813 /* College_Profile_BuilderUITests.swift in Sources */,
			);
			runOnlyForDeploymentPostprocessing = 0;
		};
/* End PBXSourcesBuildPhase section */

/* Begin PBXTargetDependency section */
		3F7E65651C4FF62500ADE813 /* PBXTargetDependency */ = {
			isa = PBXTargetDependency;
			target = 3F7E654E1C4FF62500ADE813 /* College Profile Builder */;
			targetProxy = 3F7E65641C4FF62500ADE813 /* PBXContainerItemProxy */;
		};
		3F7E65701C4FF62500ADE813 /* PBXTargetDependency */ = {
			isa = PBXTargetDependency;
			target = 3F7E654E1C4FF62500ADE813 /* College Profile Builder */;
			targetProxy = 3F7E656F1C4FF62500ADE813 /* PBXContainerItemProxy */;
		};
/* End PBXTargetDependency section */

/* Begin PBXVariantGroup section */
		3F7E65561C4FF62500ADE813 /* Main.storyboard */ = {
			isa = PBXVariantGroup;
			children = (
				3F7E65571C4FF62500ADE813 /* Base */,
			);
			name = Main.storyboard;
			sourceTree = "<group>";
		};
		3F7E655B1C4FF62500ADE813 /* LaunchScreen.storyboard */ = {
			isa = PBXVariantGroup;
			children = (
				3F7E655C1C4FF62500ADE813 /* Base */,
			);
			name = LaunchScreen.storyboard;
			sourceTree = "<group>";
		};
/* End PBXVariantGroup section */

/* Begin XCBuildConfiguration section */
		3F7E65751C4FF62500ADE813 /* Debug */ = {
			isa = XCBuildConfiguration;
			buildSettings = {
				ALWAYS_SEARCH_USER_PATHS = NO;
				CLANG_CXX_LANGUAGE_STANDARD = "gnu++0x";
				CLANG_CXX_LIBRARY = "libc++";
				CLANG_ENABLE_MODULES = YES;
				CLANG_ENABLE_OBJC_ARC = YES;
				CLANG_WARN_BOOL_CONVERSION = YES;
				CLANG_WARN_CONSTANT_CONVERSION = YES;
				CLANG_WARN_DIRECT_OBJC_ISA_USAGE = YES_ERROR;
				CLANG_WARN_EMPTY_BODY = YES;
				CLANG_WARN_ENUM_CONVERSION = YES;
				CLANG_WARN_INT_CONVERSION = YES;
				CLANG_WARN_OBJC_ROOT_CLASS = YES_ERROR;
				CLANG_WARN_UNREACHABLE_CODE = YES;
				CLANG_WARN__DUPLICATE_METHOD_MATCH = YES;
				"CODE_SIGN_IDENTITY[sdk=iphoneos*]" = "iPhone Developer";
				COPY_PHASE_STRIP = NO;
				DEBUG_INFORMATION_FORMAT = dwarf;
				ENABLE_STRICT_OBJC_MSGSEND = YES;
				ENABLE_TESTABILITY = YES;
				GCC_C_LANGUAGE_STANDARD = gnu99;
				GCC_DYNAMIC_NO_PIC = NO;
				GCC_NO_COMMON_BLOCKS = YES;
				GCC_OPTIMIZATION_LEVEL = 0;
				GCC_PREPROCESSOR_DEFINITIONS = (
					"DEBUG=1",
					"$(inherited)",
				);
				GCC_WARN_64_TO_32_BIT_CONVERSION = YES;
				GCC_WARN_ABOUT_RETURN_TYPE = YES_ERROR;
				GCC_WARN_UNDECLARED_SELECTOR = YES;
				GCC_WARN_UNINITIALIZED_AUTOS = YES_AGGRESSIVE;
				GCC_WARN_UNUSED_FUNCTION = YES;
				GCC_WARN_UNUSED_VARIABLE = YES;
				IPHONEOS_DEPLOYMENT_TARGET = 9.2;
				MTL_ENABLE_DEBUG_INFO = YES;
				ONLY_ACTIVE_ARCH = YES;
				SDKROOT = iphoneos;
				SWIFT_OPTIMIZATION_LEVEL = "-Onone";
				TARGETED_DEVICE_FAMILY = "1,2";
			};
			name = Debug;
		};
		3F7E65761C4FF62500ADE813 /* Release */ = {
			isa = XCBuildConfiguration;
			buildSettings = {
				ALWAYS_SEARCH_USER_PATHS = NO;
				CLANG_CXX_LANGUAGE_STANDARD = "gnu++0x";
				CLANG_CXX_LIBRARY = "libc++";
				CLANG_ENABLE_MODULES = YES;
				CLANG_ENABLE_OBJC_ARC = YES;
				CLANG_WARN_BOOL_CONVERSION = YES;
				CLANG_WARN_CONSTANT_CONVERSION = YES;
				CLANG_WARN_DIRECT_OBJC_ISA_USAGE = YES_ERROR;
				CLANG_WARN_EMPTY_BODY = YES;
				CLANG_WARN_ENUM_CONVERSION = YES;
				CLANG_WARN_INT_CONVERSION = YES;
				CLANG_WARN_OBJC_ROOT_CLASS = YES_ERROR;
				CLANG_WARN_UNREACHABLE_CODE = YES;
				CLANG_WARN__DUPLICATE_METHOD_MATCH = YES;
				"CODE_SIGN_IDENTITY[sdk=iphoneos*]" = "iPhone Developer";
				COPY_PHASE_STRIP = NO;
				DEBUG_INFORMATION_FORMAT = "dwarf-with-dsym";
				ENABLE_NS_ASSERTIONS = NO;
				ENABLE_STRICT_OBJC_MSGSEND = YES;
				GCC_C_LANGUAGE_STANDARD = gnu99;
				GCC_NO_COMMON_BLOCKS = YES;
				GCC_WARN_64_TO_32_BIT_CONVERSION = YES;
				GCC_WARN_ABOUT_RETURN_TYPE = YES_ERROR;
				GCC_WARN_UNDECLARED_SELECTOR = YES;
				GCC_WARN_UNINITIALIZED_AUTOS = YES_AGGRESSIVE;
				GCC_WARN_UNUSED_FUNCTION = YES;
				GCC_WARN_UNUSED_VARIABLE = YES;
				IPHONEOS_DEPLOYMENT_TARGET = 9.2;
				MTL_ENABLE_DEBUG_INFO = NO;
				SDKROOT = iphoneos;
				TARGETED_DEVICE_FAMILY = "1,2";
				VALIDATE_PRODUCT = YES;
			};
			name = Release;
		};
		3F7E65781C4FF62500ADE813 /* Debug */ = {
			isa = XCBuildConfiguration;
			buildSettings = {
				ASSETCATALOG_COMPILER_APPICON_NAME = AppIcon;
				INFOPLIST_FILE = "College Profile Builder/Info.plist";
				LD_RUNPATH_SEARCH_PATHS = "$(inherited) @executable_path/Frameworks";
				PRODUCT_BUNDLE_IDENTIFIER = "KP.College-Profile-Builder";
				PRODUCT_NAME = "$(TARGET_NAME)";
			};
			name = Debug;
		};
		3F7E65791C4FF62500ADE813 /* Release */ = {
			isa = XCBuildConfiguration;
			buildSettings = {
				ASSETCATALOG_COMPILER_APPICON_NAME = AppIcon;
				INFOPLIST_FILE = "College Profile Builder/Info.plist";
				LD_RUNPATH_SEARCH_PATHS = "$(inherited) @executable_path/Frameworks";
				PRODUCT_BUNDLE_IDENTIFIER = "KP.College-Profile-Builder";
				PRODUCT_NAME = "$(TARGET_NAME)";
			};
			name = Release;
		};
		3F7E657B1C4FF62500ADE813 /* Debug */ = {
			isa = XCBuildConfiguration;
			buildSettings = {
				BUNDLE_LOADER = "$(TEST_HOST)";
				INFOPLIST_FILE = "College Profile BuilderTests/Info.plist";
				LD_RUNPATH_SEARCH_PATHS = "$(inherited) @executable_path/Frameworks @loader_path/Frameworks";
				PRODUCT_BUNDLE_IDENTIFIER = "KP.College-Profile-BuilderTests";
				PRODUCT_NAME = "$(TARGET_NAME)";
				TEST_HOST = "$(BUILT_PRODUCTS_DIR)/College Profile Builder.app/College Profile Builder";
			};
			name = Debug;
		};
		3F7E657C1C4FF62500ADE813 /* Release */ = {
			isa = XCBuildConfiguration;
			buildSettings = {
				BUNDLE_LOADER = "$(TEST_HOST)";
				INFOPLIST_FILE = "College Profile BuilderTests/Info.plist";
				LD_RUNPATH_SEARCH_PATHS = "$(inherited) @executable_path/Frameworks @loader_path/Frameworks";
				PRODUCT_BUNDLE_IDENTIFIER = "KP.College-Profile-BuilderTests";
				PRODUCT_NAME = "$(TARGET_NAME)";
				TEST_HOST = "$(BUILT_PRODUCTS_DIR)/College Profile Builder.app/College Profile Builder";
			};
			name = Release;
		};
		3F7E657E1C4FF62500ADE813 /* Debug */ = {
			isa = XCBuildConfiguration;
			buildSettings = {
				INFOPLIST_FILE = "College Profile BuilderUITests/Info.plist";
				LD_RUNPATH_SEARCH_PATHS = "$(inherited) @executable_path/Frameworks @loader_path/Frameworks";
				PRODUCT_BUNDLE_IDENTIFIER = "KP.College-Profile-BuilderUITests";
				PRODUCT_NAME = "$(TARGET_NAME)";
				TEST_TARGET_NAME = "College Profile Builder";
				USES_XCTRUNNER = YES;
			};
			name = Debug;
		};
		3F7E657F1C4FF62500ADE813 /* Release */ = {
			isa = XCBuildConfiguration;
			buildSettings = {
				INFOPLIST_FILE = "College Profile BuilderUITests/Info.plist";
				LD_RUNPATH_SEARCH_PATHS = "$(inherited) @executable_path/Frameworks @loader_path/Frameworks";
				PRODUCT_BUNDLE_IDENTIFIER = "KP.College-Profile-BuilderUITests";
				PRODUCT_NAME = "$(TARGET_NAME)";
				TEST_TARGET_NAME = "College Profile Builder";
				USES_XCTRUNNER = YES;
			};
			name = Release;
		};
/* End XCBuildConfiguration section */

/* Begin XCConfigurationList section */
		3F7E654A1C4FF62500ADE813 /* Build configuration list for PBXProject "College Profile Builder" */ = {
			isa = XCConfigurationList;
			buildConfigurations = (
				3F7E65751C4FF62500ADE813 /* Debug */,
				3F7E65761C4FF62500ADE813 /* Release */,
			);
			defaultConfigurationIsVisible = 0;
			defaultConfigurationName = Release;
		};
		3F7E65771C4FF62500ADE813 /* Build configuration list for PBXNativeTarget "College Profile Builder" */ = {
			isa = XCConfigurationList;
			buildConfigurations = (
				3F7E65781C4FF62500ADE813 /* Debug */,
				3F7E65791C4FF62500ADE813 /* Release */,
			);
			defaultConfigurationIsVisible = 0;
		};
		3F7E657A1C4FF62500ADE813 /* Build configuration list for PBXNativeTarget "College Profile BuilderTests" */ = {
			isa = XCConfigurationList;
			buildConfigurations = (
				3F7E657B1C4FF62500ADE813 /* Debug */,
				3F7E657C1C4FF62500ADE813 /* Release */,
			);
			defaultConfigurationIsVisible = 0;
		};
		3F7E657D1C4FF62500ADE813 /* Build configuration list for PBXNativeTarget "College Profile BuilderUITests" */ = {
			isa = XCConfigurationList;
			buildConfigurations = (
				3F7E657E1C4FF62500ADE813 /* Debug */,
				3F7E657F1C4FF62500ADE813 /* Release */,
			);
			defaultConfigurationIsVisible = 0;
		};
/* End XCConfigurationList section */
	};
	rootObject = 3F7E65471C4FF62500ADE813 /* Project object */;
}
